
Microsoft Visual Studio Solution File, Format Version 12.00
# Visual Studio Version 17
VisualStudioVersion = 17.0.31903.59
MinimumVisualStudioVersion = 10.0.40219.1
Project("{FAE04EC0-301F-11D3-BF4B-00C04F79EFBC}") = "AsusScraper", "AsusScraper\AsusScraper.csproj", "{843665E3-CC0E-4B91-99F6-3235E6FFC9C6}"
EndProject
Global
	GlobalSection(SolutionConfigurationPlatforms) = preSolution
		Debug|Any CPU = Debug|Any CPU
		Release|Any CPU = Release|Any CPU
	EndGlobalSection
	GlobalSection(ProjectConfigurationPlatforms) = postSolution
		{843665E3-CC0E-4B91-99F6-3235E6FFC9C6}.Debug|Any CPU.ActiveCfg = Debug|Any CPU
		{843665E3-CC0E-4B91-99F6-3235E6FFC9C6}.Debug|Any CPU.Build.0 = Debug|Any CPU
		{843665E3-CC0E-4B91-99F6-3235E6FFC9C6}.Release|Any CPU.ActiveCfg = Release|Any CPU
		{843665E3-CC0E-4B91-99F6-3235E6FFC9C6}.Release|Any CPU.Build.0 = Release|Any CPU
	EndGlobalSection
	GlobalSection(SolutionProperties) = preSolution
		HideSolutionNode = FALSE
	EndGlobalSection
	GlobalSection(ExtensibilityGlobals) = postSolution
		SolutionGuid = {FD5637CE-0DE3-4153-BEC6-DCE8DC528A1B}
	EndGlobalSection
EndGlobal
